# This file is autogenerated, do not edit; changes may be undone by the next 'dep ensure'.


[[projects]]
  digest = "1:76dc72490af7174349349838f2fe118996381b31ea83243812a97e5a0fd5ed55"
  name = "github.com/dgrijalva/jwt-go"
  packages = ["."]
  pruneopts = "UT"
  revision = "06ea1031745cb8b3dab3f6a236daf2b0aa468b7e"
  version = "v3.2.0"

[[projects]]
  branch = "master"
  digest = "1:92e016f529528df85f070480ec6beb9e40042d245a933fb1bdeb687e40ea8e88"
  name = "github.com/gogo/googleapis"
  packages = ["google/rpc"]
  pruneopts = "UT"
  revision = "b23578765ee54ff6bceff57f397d833bf4ca6869"

[[projects]]
  digest = "1:3f7c586d2fd571c4f2e3d313c0638b33b999055de507d5f11fafe27e5adc30db"
  name = "github.com/gogo/protobuf"
  packages = [
    "gogoproto",
    "proto",
    "protoc-gen-gogo/descriptor",
    "sortkeys",
    "types",
  ]
  pruneopts = "UT"
  revision = "636bf0302bc95575d69441b25a2603156ffdddf1"
  version = "v1.1.1"

[[projects]]
  digest = "1:17fe264ee908afc795734e8c4e63db2accabaf57326dbf21763a7d6b86096260"
  name = "github.com/golang/protobuf"
  packages = [
    "proto",
    "ptypes",
    "ptypes/any",
    "ptypes/duration",
    "ptypes/timestamp",
  ]
  pruneopts = "UT"
  revision = "b4deda0973fb4c70b50d226b1af49f3da59f5265"
  version = "v1.1.0"

[[projects]]
  digest = "1:07671f8997086ed115824d1974507d2b147d1e0463675ea5dbf3be89b1c2c563"
  name = "github.com/hashicorp/errwrap"
  packages = ["."]
  pruneopts = "UT"
  revision = "7554cd9344cec97297fa6649b055a8c98c2a1e55"

[[projects]]
  branch = "master"
  digest = "1:46fb6a9f1b9667f32ac93e08b1da118b2c666991424ea12e848b05d4fe5155ef"
  name = "github.com/hashicorp/go-multierror"
  packages = ["."]
  pruneopts = "UT"
  revision = "3d5d8f294aa03d8e98859feac328afbdf1ae0703"

[[projects]]
  digest = "1:870d441fe217b8e689d7949fef6e43efbc787e50f200cb1e70dbca9204a1d6be"
  name = "github.com/inconshreveable/mousetrap"
  packages = ["."]
  pruneopts = "UT"
  revision = "76626ae9c91c4f2a10f34cad8ce83ea42c93bb75"
  version = "v1.0"

[[projects]]
  digest = "1:87f801436ec4799e0e043ab348ff9f3e95b1b3761138158f0950ac67695cc272"
  name = "github.com/labstack/echo"
  packages = [
    ".",
    "middleware",
  ]
  pruneopts = "UT"
  revision = "6d227dfea4d2e52cb76856120b3c17f758139b4e"
  version = "3.3.5"

[[projects]]
  digest = "1:568171fc14a3d819b112c3e219d351ea7b05e8dad7935c4168c6b3373244a686"
  name = "github.com/labstack/gommon"
  packages = [
    "bytes",
    "color",
    "log",
    "random",
  ]
  pruneopts = "UT"
  revision = "d6898124de917583f5ff5592ef931d1dfe0ddc05"
  version = "0.2.6"

[[projects]]
  digest = "1:c658e84ad3916da105a761660dcaeb01e63416c8ec7bc62256a9b411a05fcd67"
  name = "github.com/mattn/go-colorable"
  packages = ["."]
  pruneopts = "UT"
  revision = "167de6bfdfba052fa6b2d3664c8f5272e23c9072"
  version = "v0.0.9"

[[projects]]
  digest = "1:d4d17353dbd05cb52a2a52b7fe1771883b682806f68db442b436294926bbfafb"
  name = "github.com/mattn/go-isatty"
  packages = ["."]
  pruneopts = "UT"
  revision = "0360b2af4f38e8d38c7fce2a9f4e702702d73a39"
  version = "v0.0.3"

[[projects]]
  digest = "1:c805e517269b0ba4c21ded5836019ed7d16953d4026cb7d00041d039c7906be9"
  name = "github.com/natefinch/lumberjack"
  packages = ["."]
  pruneopts = "UT"
  revision = "a96e63847dc3c67d17befa69c303767e2f84e54f"
  version = "v2.1"

[[projects]]
  digest = "1:808cdddf087fb64baeae67b8dfaee2069034d9704923a3cb8bd96a995421a625"
  name = "github.com/patrickmn/go-cache"
  packages = ["."]
  pruneopts = "UT"
  revision = "a3647f8e31d79543b2d0f0ae2fe5c379d72cedc0"
  version = "v2.1.0"

[[projects]]
  digest = "1:645cabccbb4fa8aab25a956cbcbdf6a6845ca736b2c64e197ca7cbb9d210b939"
  name = "github.com/spf13/cobra"
  packages = ["."]
  pruneopts = "UT"
  revision = "ef82de70bb3f60c65fb8eebacbb2d122ef517385"
  version = "v0.0.3"

[[projects]]
  digest = "1:9424f440bba8f7508b69414634aef3b2b3a877e522d8a4624692412805407bb7"
  name = "github.com/spf13/pflag"
  packages = ["."]
  pruneopts = "UT"
  revision = "583c0c0531f06d5278b7d917446061adc344b5cd"
  version = "v1.0.1"

[[projects]]
  branch = "master"
  digest = "1:c468422f334a6b46a19448ad59aaffdfc0a36b08fdcc1c749a0b29b6453d7e59"
  name = "github.com/valyala/bytebufferpool"
  packages = ["."]
  pruneopts = "UT"
  revision = "e746df99fe4a3986f4d4f79e13c1e0117ce9c2f7"

[[projects]]
  branch = "master"
  digest = "1:268b8bce0064e8c057d7b913605459f9a26dcab864c0886a56d196540fbf003f"
  name = "github.com/valyala/fasttemplate"
  packages = ["."]
  pruneopts = "UT"
  revision = "dcecefd839c4193db0d35b88ec65b4c12d360ab0"

[[projects]]
  digest = "1:777e729b475d3895c7229552aa10076f0d177daf37c0a72258006d046d329960"
  name = "go.uber.org/atomic"
  packages = ["."]
  pruneopts = "UT"
  revision = "4e336646b2ef9fc6e47be8e21594178f98e5ebcf"
  version = "v1.2.0"

[[projects]]
  digest = "1:60bf2a5e347af463c42ed31a493d817f8a72f102543060ed992754e689805d1a"
  name = "go.uber.org/multierr"
  packages = ["."]
  pruneopts = "UT"
  revision = "3c4937480c32f4c13a875a1829af76c98ca3d40a"
  version = "v1.1.0"

[[projects]]
  digest = "1:b71cb7ad9f08b8e3fe08c3689ae299b594147ab49bd8b15ba30d24f6e23d7ec4"
  name = "go.uber.org/zap"
  packages = [
    ".",
    "buffer",
    "internal/bufferpool",
    "internal/color",
    "internal/exit",
    "zapcore",
    "zapgrpc",
  ]
  pruneopts = "UT"
  revision = "4d45f9617f7d90f7a663ff21c7a4321dbe78098b"
  version = "v1.9.0"

[[projects]]
  branch = "master"
  digest = "1:a2057c5b6feb8feb081ce9987f0e4d0713c6b3a6d3824900e35750f349223a25"
  name = "golang.org/x/crypto"
  packages = [
    "acme",
    "acme/autocert",
  ]
  pruneopts = "UT"
  revision = "c126467f60eb25f8f27e5a981f32a87e3965053f"

[[projects]]
  branch = "master"
  digest = "1:26e43791a83decf1105c1a523c054b0d58b162df5212a1a3f8ca9f01c2456bc1"
  name = "golang.org/x/net"
  packages = [
    "context",
    "http/httpguts",
    "http2",
    "http2/hpack",
    "idna",
    "internal/timeseries",
    "trace",
  ]
  pruneopts = "UT"
  revision = "49c15d80dfbc983ea25246ee959d970efe09ec09"

[[projects]]
  branch = "master"
  digest = "1:8466957fb2af510f68b13aec64ccad13e9e756dc1da3ea28c422f8ac410e56f0"
  name = "golang.org/x/sys"
  packages = ["unix"]
  pruneopts = "UT"
  revision = "bd9dbc187b6e1dacfdd2722a87e83093c2d7bd6e"

[[projects]]
  digest = "1:a2ab62866c75542dd18d2b069fec854577a20211d7c0ea6ae746072a1dccdd18"
  name = "golang.org/x/text"
  packages = [
    "collate",
    "collate/build",
    "internal/colltab",
    "internal/gen",
    "internal/tag",
    "internal/triegen",
    "internal/ucd",
    "language",
    "secure/bidirule",
    "transform",
    "unicode/bidi",
    "unicode/cldr",
    "unicode/norm",
    "unicode/rangetable",
  ]
  pruneopts = "UT"
  revision = "f21a4dfb5e38f5895301dc265a8def02365cc3d0"
  version = "v0.3.0"

[[projects]]
  branch = "master"
  digest = "1:077c1c599507b3b3e9156d17d36e1e61928ee9b53a5b420f10f28ebd4a0b275c"
  name = "google.golang.org/genproto"
  packages = ["googleapis/rpc/status"]
  pruneopts = "UT"
  revision = "daca94659cb50e9f37c1b834680f2e46358f10b0"

[[projects]]
  digest = "1:3dd7996ce6bf52dec6a2f69fa43e7c4cefea1d4dfa3c8ab7a5f8a9f7434e239d"
  name = "google.golang.org/grpc"
  packages = [
    ".",
    "balancer",
    "balancer/base",
    "balancer/roundrobin",
    "codes",
    "connectivity",
    "credentials",
    "encoding",
    "encoding/proto",
    "grpclog",
    "internal",
    "internal/backoff",
    "internal/channelz",
    "internal/envconfig",
    "internal/grpcrand",
    "internal/transport",
    "keepalive",
    "metadata",
    "naming",
    "peer",
    "resolver",
    "resolver/dns",
    "resolver/passthrough",
    "stats",
    "status",
    "tap",
  ]
  pruneopts = "UT"
  revision = "32fb0ac620c32ba40a4626ddf94d90d12cce3455"
  version = "v1.14.0"

[[projects]]
  branch = "release-1.0"
  digest = "1:91de71ba31b13a1c1f984245533ef2d91153e250e4d3e0bf91596a280c876b33"
  name = "istio.io/api"
  packages = [
    "mixer/adapter/model/v1beta1",
    "policy/v1beta1",
  ]
  pruneopts = "UT"
  revision = "123b0a79a4dba5bd653dcac09cf731b8002e5341"

[[projects]]
  digest = "1:4f25157e00e892bf44fe3297eae09b2ed9184b58c145a5bcc7a99b85f1d4bb0b"
  name = "istio.io/istio"
  packages = [
    "mixer/pkg/adapter",
    "mixer/pkg/pool",
    "mixer/pkg/status",
    "mixer/template/authorization",
    "pkg/log",
  ]
  pruneopts = "UT"
  revision = "3a136c90ec5e308f236e0d7ebb5c4c5e405217f4"
  version = "1.0.0"

[solve-meta]
  analyzer-name = "dep"
  analyzer-version = 1
  input-imports = [
    "github.com/gogo/protobuf/gogoproto",
    "github.com/gogo/protobuf/proto",
    "github.com/labstack/echo",
    "github.com/labstack/echo/middleware",
    "github.com/patrickmn/go-cache",
    "google.golang.org/grpc",
    "istio.io/api/mixer/adapter/model/v1beta1",
    "istio.io/istio/mixer/template/authorization",
    "istio.io/istio/pkg/log",
  ]
  solver-name = "gps-cdcl"
  solver-version = 1
